<?xml version="1.0" encoding="utf-8"?>
<Project ToolsVersion="4.0" xmlns="http://schemas.microsoft.com/developer/msbuild/2003">
  <ItemGroup>
    <Filter Include="Source Files">
      <UniqueIdentifier>{4FC737F1-C7A5-4376-A066-2A32D752A2FF}</UniqueIdentifier>
      <Extensions>cpp;c;cc;cxx;def;odl;idl;hpj;bat;asm;asmx</Extensions>
    </Filter>
    <Filter Include="Header Files">
      <UniqueIdentifier>{93995380-89BD-4b04-88EB-625FBE52EBFB}</UniqueIdentifier>
      <Extensions>h;hh;hpp;hxx;hm;inl;inc;ipp;xsd</Extensions>
    </Filter>
    <Filter Include="Resource Files">
      <UniqueIdentifier>{67DA6AB6-F800-4c08-8B7A-83BB121AAD01}</UniqueIdentifier>
      <Extensions>rc;ico;cur;bmp;dlg;rc2;rct;bin;rgs;gif;jpg;jpeg;jpe;resx;tiff;tif;png;wav;mfcribbon-ms</Extensions>
    </Filter>
    <Filter Include="Header Files\Utils">
      <UniqueIdentifier>{37054f53-d883-404a-b077-614adc4ba985}</UniqueIdentifier>
    </Filter>
    <Filter Include="Source Files\Utils">
      <UniqueIdentifier>{dbabf59f-7b0a-4b9e-86ad-9775a0cfacc7}</UniqueIdentifier>
    </Filter>
    <Filter Include="Header Files\Window">
      <UniqueIdentifier>{9b975119-ea42-40ca-a2b1-b1a781990044}</UniqueIdentifier>
    </Filter>
    <Filter Include="Source Files\Window">
      <UniqueIdentifier>{b9272035-0ac1-4c21-aaa0-8f86a37fce07}</UniqueIdentifier>
    </Filter>
    <Filter Include="Header Files\Loaders">
      <UniqueIdentifier>{48750f49-cf5a-4a58-aa0e-97fecc1045fa}</UniqueIdentifier>
    </Filter>
    <Filter Include="Source Files\Loaders">
      <UniqueIdentifier>{18d7eaf8-b2cb-4da4-a17f-199362ef9914}</UniqueIdentifier>
    </Filter>
    <Filter Include="Header Files\Renderer">
      <UniqueIdentifier>{b27be548-e8fa-4b0b-b44b-db8e74f2a8c6}</UniqueIdentifier>
    </Filter>
    <Filter Include="Source Files\Renderer">
      <UniqueIdentifier>{217bf713-3d07-4ef4-9eef-1f1902e35c9e}</UniqueIdentifier>
    </Filter>
    <Filter Include="Resource Files\Shaders">
      <UniqueIdentifier>{0eaf02bd-a306-4cee-8e3e-3ce54013e258}</UniqueIdentifier>
    </Filter>
    <Filter Include="Header Files\Renderer\Shaders">
      <UniqueIdentifier>{b10bb554-fa35-41db-837d-a5bb0222dd94}</UniqueIdentifier>
    </Filter>
    <Filter Include="Source Files\Renderer\Shaders">
      <UniqueIdentifier>{a59c386a-ef95-4d99-abc7-8ccd8d55ff29}</UniqueIdentifier>
    </Filter>
    <Filter Include="Header Files\ECS">
      <UniqueIdentifier>{e8ef34e5-e904-471b-8df2-b7d84fe9e759}</UniqueIdentifier>
    </Filter>
    <Filter Include="Source Files\ECS">
      <UniqueIdentifier>{afe464dd-f9da-412c-a3dc-7bcaca3deefa}</UniqueIdentifier>
    </Filter>
    <Filter Include="Source Files\ECS\Systems">
      <UniqueIdentifier>{25d10634-1b9c-4068-91c3-63ca422db68c}</UniqueIdentifier>
    </Filter>
    <Filter Include="Header Files\ECS\Components">
      <UniqueIdentifier>{32e59579-195c-4715-ac8f-3cadc9f737a3}</UniqueIdentifier>
    </Filter>
    <Filter Include="Header Files\ECS\Systems">
      <UniqueIdentifier>{df5df390-3f10-4aff-9db9-7b4ed9fa453a}</UniqueIdentifier>
    </Filter>
    <Filter Include="Header Files\GUI">
      <UniqueIdentifier>{734741cc-5f64-4631-9e59-10997b6a6c22}</UniqueIdentifier>
    </Filter>
    <Filter Include="Source Files\GUI">
      <UniqueIdentifier>{677c0a57-aa13-4bea-be08-0064ffacaac0}</UniqueIdentifier>
    </Filter>
    <Filter Include="Header Files\Renderer\Materials">
      <UniqueIdentifier>{73e87765-411f-40a9-9c8f-088c8c9920a6}</UniqueIdentifier>
    </Filter>
    <Filter Include="Source Files\GUI\Windows">
      <UniqueIdentifier>{830eb4e0-0168-4dde-b6b1-3df60348ce48}</UniqueIdentifier>
    </Filter>
    <Filter Include="Header Files\GUI\Windows">
      <UniqueIdentifier>{e3f28e75-baf0-4c89-a2c6-1b5a660d9f8d}</UniqueIdentifier>
    </Filter>
    <Filter Include="Source Files\Loaders\Components">
      <UniqueIdentifier>{52b1c67f-eba1-4534-bfad-40479d732ca4}</UniqueIdentifier>
    </Filter>
    <Filter Include="Header Files\Loaders\Components">
      <UniqueIdentifier>{82218812-ad8d-437b-aa8b-2016d9f80261}</UniqueIdentifier>
    </Filter>
    <Filter Include="Header Files\Renderer\Vertex">
      <UniqueIdentifier>{762fd0ee-5e32-4ca2-b7c4-30a3ba1dab9a}</UniqueIdentifier>
    </Filter>
    <Filter Include="Header Files\Renderer\Generators">
      <UniqueIdentifier>{76e969e5-0967-4727-9521-d40764fad342}</UniqueIdentifier>
    </Filter>
    <Filter Include="Source Files\Renderer\Generators">
      <UniqueIdentifier>{785c7892-9c4d-4b82-bde4-12ea3b6fc7b5}</UniqueIdentifier>
    </Filter>
    <Filter Include="Header Files\Renderer\ConstantBufferTypes">
      <UniqueIdentifier>{9eab11f0-8874-4e6b-a208-a65620d9f8b7}</UniqueIdentifier>
    </Filter>
    <Filter Include="Header Files\Renderer\PostProcessing">
      <UniqueIdentifier>{5821d974-54c0-4f2f-adec-75643e15854d}</UniqueIdentifier>
    </Filter>
    <Filter Include="Source Files\Renderer\PostProcessing">
      <UniqueIdentifier>{9056a7fb-d302-4019-b501-01364a8d34b5}</UniqueIdentifier>
    </Filter>
    <Filter Include="Resource Files\Shaders\Includes">
      <UniqueIdentifier>{0b29f826-e696-40f8-a955-2fd9026b261a}</UniqueIdentifier>
    </Filter>
    <Filter Include="Resource Files\Shaders\PostProcessing">
      <UniqueIdentifier>{67cb8f17-e2bc-464a-a6eb-670298c19dd2}</UniqueIdentifier>
    </Filter>
    <Filter Include="Resource Files\Shaders\Surface">
      <UniqueIdentifier>{fd635449-31c0-40fb-83f0-c2d07adf0a86}</UniqueIdentifier>
    </Filter>
    <Filter Include="Resource Files\Shaders\Surface\SkyShader">
      <UniqueIdentifier>{1531225d-7db3-43b7-978c-3dc0669fa373}</UniqueIdentifier>
    </Filter>
    <Filter Include="Resource Files\Shaders\Surface\UberShader">
      <UniqueIdentifier>{e3808e4a-1c17-447f-940a-2f5b571ce466}</UniqueIdentifier>
    </Filter>
    <Filter Include="Resource Files\Shaders\Compute">
      <UniqueIdentifier>{5cf15d40-2d27-4341-825a-d0d2412ddeeb}</UniqueIdentifier>
    </Filter>
    <Filter Include="Resource Files\Icons">
      <UniqueIdentifier>{cbc6585b-8b94-4eaf-91f6-7fef98306d78}</UniqueIdentifier>
    </Filter>
    <Filter Include="Resource Files\Shaders\Surface\LoadingLogoShader">
      <UniqueIdentifier>{bc98a98f-44c0-4da1-a89b-468995fc7ae7}</UniqueIdentifier>
    </Filter>
    <Filter Include="Header Files\Physics">
      <UniqueIdentifier>{d5c482e5-319d-4f1e-b6e2-bc774af39873}</UniqueIdentifier>
    </Filter>
    <Filter Include="Source Files\Physics">
      <UniqueIdentifier>{3dfb8b99-6446-499f-b787-95aa5991653e}</UniqueIdentifier>
    </Filter>
    <Filter Include="Resource Files\Shaders\Surface\ShadowShader">
      <UniqueIdentifier>{7378d996-bdca-4210-849d-8d9a5a688394}</UniqueIdentifier>
    </Filter>
    <Filter Include="Resource Files\Shaders\Surface\TerrainShader">
      <UniqueIdentifier>{2db36c71-392f-4e59-8960-d03014e811b3}</UniqueIdentifier>
    </Filter>
  </ItemGroup>
  <ItemGroup>
    <ClCompile Include="src\Source.cpp">
      <Filter>Source Files</Filter>
    </ClCompile>
    <ClCompile Include="src\Utils\Logger.cpp">
      <Filter>Source Files\Utils</Filter>
    </ClCompile>
    <ClCompile Include="src\Utils\SystemInfoUtil.cpp">
      <Filter>Source Files\Utils</Filter>
    </ClCompile>
    <ClCompile Include="src\Window\RenderWindow.cpp">
      <Filter>Source Files\Window</Filter>
    </ClCompile>
    <ClCompile Include="src\Loaders\ConfigLoader.cpp">
      <Filter>Source Files\Loaders</Filter>
    </ClCompile>
    <ClCompile Include="src\Engine.cpp">
      <Filter>Source Files</Filter>
    </ClCompile>
    <ClCompile Include="src\Window\IODevices.cpp">
      <Filter>Source Files\Window</Filter>
    </ClCompile>
    <ClCompile Include="src\Renderer\AdapterReader.cpp">
      <Filter>Source Files\Renderer</Filter>
    </ClCompile>
    <ClCompile Include="src\Renderer\Shaders\VertexShader.cpp">
      <Filter>Source Files\Renderer\Shaders</Filter>
    </ClCompile>
    <ClCompile Include="src\Renderer\Shaders\PixelShader.cpp">
      <Filter>Source Files\Renderer\Shaders</Filter>
    </ClCompile>
    <ClCompile Include="src\Renderer\IndexBuffer.cpp">
      <Filter>Source Files\Renderer</Filter>
    </ClCompile>
    <ClCompile Include="src\ECS\Systems\CameraSystem.cpp">
      <Filter>Source Files\ECS\Systems</Filter>
    </ClCompile>
    <ClCompile Include="src\ECS\Systems\RenderSystem.cpp">
      <Filter>Source Files\ECS\Systems</Filter>
    </ClCompile>
    <ClCompile Include="src\Renderer\TransformLogic.cpp">
      <Filter>Source Files\Renderer</Filter>
    </ClCompile>
    <ClCompile Include="src\Loaders\ModelLoader.cpp">
      <Filter>Source Files\Loaders</Filter>
    </ClCompile>
    <ClCompile Include="src\GUI\DebugUserInterface.cpp">
      <Filter>Source Files\GUI</Filter>
    </ClCompile>
    <ClCompile Include="src\Loaders\MaterialLoader.cpp">
      <Filter>Source Files\Loaders</Filter>
    </ClCompile>
    <ClCompile Include="src\Utils\StringUtil.cpp">
      <Filter>Source Files\Utils</Filter>
    </ClCompile>
    <ClCompile Include="src\Loaders\ResourcesLoader.cpp">
      <Filter>Source Files\Loaders</Filter>
    </ClCompile>
    <ClCompile Include="src\GUI\Windows\SystemsManagerWindow.cpp">
      <Filter>Source Files\GUI\Windows</Filter>
    </ClCompile>
    <ClCompile Include="src\GUI\Windows\FpsTimerWindow.cpp">
      <Filter>Source Files\GUI\Windows</Filter>
    </ClCompile>
    <ClCompile Include="src\GUI\Windows\LightingWindow.cpp">
      <Filter>Source Files\GUI\Windows</Filter>
    </ClCompile>
    <ClCompile Include="src\ECS\Systems\BaseSystem.cpp">
      <Filter>Source Files\ECS\Systems</Filter>
    </ClCompile>
    <ClCompile Include="src\GUI\Windows\BackBufferWindow.cpp">
      <Filter>Source Files\GUI\Windows</Filter>
    </ClCompile>
    <ClCompile Include="src\GUI\Windows\BaseWindow.cpp">
      <Filter>Source Files\GUI\Windows</Filter>
    </ClCompile>
    <ClCompile Include="src\Loaders\MapLoader.cpp">
      <Filter>Source Files\Loaders</Filter>
    </ClCompile>
    <ClCompile Include="src\Loaders\Components\CameraComponentLoader.cpp">
      <Filter>Source Files\Loaders\Components</Filter>
    </ClCompile>
    <ClCompile Include="src\Loaders\Components\TransformComponentLoader.cpp">
      <Filter>Source Files\Loaders\Components</Filter>
    </ClCompile>
    <ClCompile Include="src\Loaders\Components\ModelRenderComponentLoader.cpp">
      <Filter>Source Files\Loaders\Components</Filter>
    </ClCompile>
    <ClCompile Include="src\Loaders\Components\SkyboxComponentLoader.cpp">
      <Filter>Source Files\Loaders\Components</Filter>
    </ClCompile>
    <ClCompile Include="src\ECS\Systems\SkyboxSystem.cpp">
      <Filter>Source Files\ECS\Systems</Filter>
    </ClCompile>
    <ClCompile Include="src\GUI\Windows\KeyboardInputWindow.cpp">
      <Filter>Source Files\GUI\Windows</Filter>
    </ClCompile>
    <ClCompile Include="src\GUI\Windows\MouseInputWindow.cpp">
      <Filter>Source Files\GUI\Windows</Filter>
    </ClCompile>
    <ClCompile Include="src\Renderer\Generators\CubeGenerator.cpp">
      <Filter>Source Files\Renderer\Generators</Filter>
    </ClCompile>
    <ClCompile Include="src\GUI\Windows\GamePadWindow.cpp">
      <Filter>Source Files\GUI\Windows</Filter>
    </ClCompile>
    <ClCompile Include="src\GUI\Windows\CameraSpeedWindow.cpp">
      <Filter>Source Files\GUI\Windows</Filter>
    </ClCompile>
    <ClCompile Include="src\Renderer\Generators\QuadGenerator.cpp">
      <Filter>Source Files\Renderer\Generators</Filter>
    </ClCompile>
    <ClCompile Include="src\Renderer\PostProcessing\CopyToBackBufferPostProcessing.cpp">
      <Filter>Source Files\Renderer\PostProcessing</Filter>
    </ClCompile>
    <ClCompile Include="src\Renderer\PostProcessing\BasePostProcessing.cpp">
      <Filter>Source Files\Renderer\PostProcessing</Filter>
    </ClCompile>
    <ClCompile Include="src\GUI\Windows\PostProcessingWindow.cpp">
      <Filter>Source Files\GUI\Windows</Filter>
    </ClCompile>
    <ClCompile Include="src\Renderer\RenderTexture.cpp">
      <Filter>Source Files\Renderer</Filter>
    </ClCompile>
    <ClCompile Include="src\Renderer\PostProcessing\ReusablePostProcessing.cpp">
      <Filter>Source Files\Renderer\PostProcessing</Filter>
    </ClCompile>
    <ClCompile Include="src\Loaders\PostProcessingLoader.cpp">
      <Filter>Source Files\Loaders</Filter>
    </ClCompile>
    <ClCompile Include="src\Renderer\PbrResources.cpp">
      <Filter>Source Files\Renderer</Filter>
    </ClCompile>
    <ClCompile Include="src\Renderer\Shaders\ComputeShader.cpp">
      <Filter>Source Files\Renderer\Shaders</Filter>
    </ClCompile>
    <ClCompile Include="src\Renderer\Generators\ResourcesGenerator.cpp">
      <Filter>Source Files\Renderer\Generators</Filter>
    </ClCompile>
    <ClCompile Include="src\Renderer\PostProcessing\MultisamplingPostProcessing.cpp">
      <Filter>Source Files\Renderer\PostProcessing</Filter>
    </ClCompile>
    <ClCompile Include="src\ECS\Systems\PhysicsSystem.cpp">
      <Filter>Source Files\ECS\Systems</Filter>
    </ClCompile>
    <ClCompile Include="src\Physics\PhysicsErrorCallback.cpp">
      <Filter>Source Files\Physics</Filter>
    </ClCompile>
    <ClCompile Include="src\Loaders\Components\PhysicsMaterialComponentLoader.cpp">
      <Filter>Source Files\Loaders\Components</Filter>
    </ClCompile>
    <ClCompile Include="src\ECS\Systems\TransformSystem.cpp">
      <Filter>Source Files\ECS\Systems</Filter>
    </ClCompile>
    <ClCompile Include="src\Loaders\Components\RigidbodyStaticPlaneComponentLoader.cpp">
      <Filter>Source Files\Loaders\Components</Filter>
    </ClCompile>
    <ClCompile Include="src\Loaders\Components\RigidbodyStaticBoxComponentLoader.cpp">
      <Filter>Source Files\Loaders\Components</Filter>
    </ClCompile>
    <ClCompile Include="src\Physics\PhysicsUnitConversion.cpp">
      <Filter>Source Files\Physics</Filter>
    </ClCompile>
    <ClCompile Include="src\Loaders\Components\RigidbodyDynamicBoxComponentLoader.cpp">
      <Filter>Source Files\Loaders\Components</Filter>
    </ClCompile>
    <ClCompile Include="src\Loaders\Components\RigidbodyStaticSphereComponentLoader.cpp">
      <Filter>Source Files\Loaders\Components</Filter>
    </ClCompile>
    <ClCompile Include="src\Loaders\Components\RigidbodyDynamicSphereComponentLoader.cpp">
      <Filter>Source Files\Loaders\Components</Filter>
    </ClCompile>
    <ClCompile Include="src\Loaders\Components\RigidbodyStaticCapsuleComponentLoader.cpp">
      <Filter>Source Files\Loaders\Components</Filter>
    </ClCompile>
    <ClCompile Include="src\Loaders\Components\RigidbodyDynamicCapsuleComponentLoader.cpp">
      <Filter>Source Files\Loaders\Components</Filter>
    </ClCompile>
    <ClCompile Include="src\Physics\VehicleResourcesGenerator.cpp">
      <Filter>Source Files\Physics</Filter>
    </ClCompile>
    <ClCompile Include="src\Loaders\Components\VehicleComponentLoader.cpp">
      <Filter>Source Files\Loaders\Components</Filter>
    </ClCompile>
    <ClCompile Include="src\Loaders\Components\WheelComponentLoader.cpp">
      <Filter>Source Files\Loaders\Components</Filter>
    </ClCompile>
    <ClCompile Include="src\Physics\PhysicsMeshGenerator.cpp">
      <Filter>Source Files\Physics</Filter>
    </ClCompile>
    <ClCompile Include="src\Loaders\Components\RigidbodyStaticCylinderComponentLoader.cpp">
      <Filter>Source Files\Loaders\Components</Filter>
    </ClCompile>
    <ClCompile Include="src\Loaders\Components\RigidbodyDynamicCylinderComponentLoader.cpp">
      <Filter>Source Files\Loaders\Components</Filter>
    </ClCompile>
    <ClCompile Include="src\Physics\VehicleSceneQueryData.cpp">
      <Filter>Source Files\Physics</Filter>
    </ClCompile>
    <ClCompile Include="src\Physics\PhysicsFilterHelper.cpp">
      <Filter>Source Files\Physics</Filter>
    </ClCompile>
    <ClCompile Include="src\Loaders\Components\VehiclePlayerControllerComponentLoader.cpp">
      <Filter>Source Files\Loaders\Components</Filter>
    </ClCompile>
    <ClCompile Include="src\ECS\Systems\VehiclePlayerControllerSystem.cpp">
      <Filter>Source Files\ECS\Systems</Filter>
    </ClCompile>
    <ClCompile Include="src\GUI\Windows\VehicleDetailsWindow.cpp">
      <Filter>Source Files\GUI\Windows</Filter>
    </ClCompile>
    <ClCompile Include="src\Utils\Timer.cpp">
      <Filter>Source Files\Utils</Filter>
    </ClCompile>
    <ClCompile Include="src\GUI\Windows\PhysicsStatisticsWindow.cpp">
      <Filter>Source Files\GUI\Windows</Filter>
    </ClCompile>
    <ClCompile Include="src\GUI\Windows\EntityViewerWindow.cpp">
      <Filter>Source Files\GUI\Windows</Filter>
    </ClCompile>
    <ClCompile Include="src\GUI\Windows\PerSystemPerformanceWindow.cpp">
      <Filter>Source Files\GUI\Windows</Filter>
    </ClCompile>
    <ClCompile Include="src\Renderer\RenderDepthStencil.cpp">
      <Filter>Source Files\Renderer</Filter>
    </ClCompile>
    <ClCompile Include="src\GUI\Windows\ShadowPreviewerWindow.cpp">
      <Filter>Source Files\GUI\Windows</Filter>
    </ClCompile>
    <ClCompile Include="src\Renderer\PostProcessing\ShadowRemapperPostProcessing.cpp">
      <Filter>Source Files\Renderer\PostProcessing</Filter>
    </ClCompile>
    <ClCompile Include="src\Renderer\ShadowCamera.cpp">
      <Filter>Source Files\Renderer</Filter>
    </ClCompile>
    <ClCompile Include="src\GUI\Windows\ConfigurationWindow.cpp">
      <Filter>Source Files\GUI\Windows</Filter>
    </ClCompile>
    <ClCompile Include="src\Loaders\Components\TerrainComponentLoader.cpp">
      <Filter>Source Files\Loaders\Components</Filter>
    </ClCompile>
    <ClCompile Include="src\Renderer\Shaders\HullShader.cpp">
      <Filter>Source Files\Renderer\Shaders</Filter>
    </ClCompile>
    <ClCompile Include="src\Renderer\Shaders\DomainShader.cpp">
      <Filter>Source Files\Renderer\Shaders</Filter>
    </ClCompile>
    <ClCompile Include="src\GUI\Windows\TerrainTessellationWindow.cpp">
      <Filter>Source Files\GUI\Windows</Filter>
    </ClCompile>
    <ClCompile Include="src\Renderer\FrustumUtil.cpp">
      <Filter>Source Files\Renderer</Filter>
    </ClCompile>
    <ClCompile Include="src\Loaders\Components\RigidbodyStaticHeightFieldsComponentLoader.cpp">
      <Filter>Source Files\Loaders\Components</Filter>
    </ClCompile>
    <ClCompile Include="src\Utils\TerrainUtil.cpp">
      <Filter>Source Files\Utils</Filter>
    </ClCompile>
    <ClCompile Include="src\Renderer\ProfilerAnnotations.cpp">
      <Filter>Source Files\Renderer</Filter>
    </ClCompile>
    <ClCompile Include="src\GUI\Windows\FogWindow.cpp">
      <Filter>Source Files\GUI\Windows</Filter>
    </ClCompile>
    <ClCompile Include="src\GUI\Windows\TransformManipulateWindow.cpp">
      <Filter>Source Files\GUI\Windows</Filter>
    </ClCompile>
    <ClCompile Include="src\Physics\PhysicsFilterShader.cpp">
      <Filter>Source Files\Physics</Filter>
    </ClCompile>
    <ClCompile Include="src\Physics\PhysicsMaterialManager.cpp">
      <Filter>Source Files\Physics</Filter>
    </ClCompile>
    <ClCompile Include="src\Loaders\PhysicsMaterialLoader.cpp">
      <Filter>Source Files\Loaders</Filter>
    </ClCompile>
    <ClCompile Include="src\GUI\Windows\TextureCompressionWindow.cpp">
      <Filter>Source Files\GUI\Windows</Filter>
    </ClCompile>
    <ClCompile Include="src\Utils\FileDialog.cpp">
      <Filter>Source Files\Utils</Filter>
    </ClCompile>
    <ClCompile Include="src\Utils\TextureBlockCompression.cpp">
      <Filter>Source Files\Utils</Filter>
    </ClCompile>
    <ClCompile Include="src\Loaders\Components\CameraTargetComponentLoader.cpp">
      <Filter>Source Files\Loaders\Components</Filter>
    </ClCompile>
    <ClCompile Include="src\Loaders\Components\CameraVehicleAnimatedTargetComponentLoader.cpp">
      <Filter>Source Files\Loaders\Components</Filter>
    </ClCompile>
    <ClCompile Include="src\GUI\Windows\LodDebugWindow.cpp">
      <Filter>Source Files\GUI\Windows</Filter>
    </ClCompile>
    <ClCompile Include="src\Renderer\RayIntersections.cpp">
      <Filter>Source Files\Renderer</Filter>
    </ClCompile>
  </ItemGroup>
  <ItemGroup>
    <ClInclude Include="src\Utils\Logger.h">
      <Filter>Header Files\Utils</Filter>
    </ClInclude>
    <ClInclude Include="src\Utils\SystemInfoUtil.h">
      <Filter>Header Files\Utils</Filter>
    </ClInclude>
    <ClInclude Include="src\Window\RenderWindow.h">
      <Filter>Header Files\Window</Filter>
    </ClInclude>
    <ClInclude Include="src\Loaders\ConfigData.h">
      <Filter>Header Files\Loaders</Filter>
    </ClInclude>
    <ClInclude Include="src\Loaders\ConfigLoader.h">
      <Filter>Header Files\Loaders</Filter>
    </ClInclude>
    <ClInclude Include="src\Engine.h">
      <Filter>Header Files</Filter>
    </ClInclude>
    <ClInclude Include="src\Window\IODevices.h">
      <Filter>Header Files\Window</Filter>
    </ClInclude>
    <ClInclude Include="src\Window\IOData.h">
      <Filter>Header Files\Window</Filter>
    </ClInclude>
    <ClInclude Include="src\Renderer\AdapterReader.h">
      <Filter>Header Files\Renderer</Filter>
    </ClInclude>
    <ClInclude Include="src\Renderer\AdapterData.h">
      <Filter>Header Files\Renderer</Filter>
    </ClInclude>
    <ClInclude Include="src\Renderer\Shaders\VertexShader.h">
      <Filter>Header Files\Renderer\Shaders</Filter>
    </ClInclude>
    <ClInclude Include="src\Renderer\Shaders\PixelShader.h">
      <Filter>Header Files\Renderer\Shaders</Filter>
    </ClInclude>
    <ClInclude Include="src\Renderer\VertexBuffer.h">
      <Filter>Header Files\Renderer</Filter>
    </ClInclude>
    <ClInclude Include="src\Renderer\IndexBuffer.h">
      <Filter>Header Files\Renderer</Filter>
    </ClInclude>
    <ClInclude Include="src\Renderer\ConstantBuffer.h">
      <Filter>Header Files\Renderer</Filter>
    </ClInclude>
    <ClInclude Include="src\ECS\Systems\BaseSystem.h">
      <Filter>Header Files\ECS\Systems</Filter>
    </ClInclude>
    <ClInclude Include="src\ECS\Components\CameraComponent.h">
      <Filter>Header Files\ECS\Components</Filter>
    </ClInclude>
    <ClInclude Include="src\ECS\Systems\CameraSystem.h">
      <Filter>Header Files\ECS\Systems</Filter>
    </ClInclude>
    <ClInclude Include="src\ECS\Systems\RenderSystem.h">
      <Filter>Header Files\ECS\Systems</Filter>
    </ClInclude>
    <ClInclude Include="src\ECS\Components\TransformComponent.h">
      <Filter>Header Files\ECS\Components</Filter>
    </ClInclude>
    <ClInclude Include="src\Renderer\TransformLogic.h">
      <Filter>Header Files\Renderer</Filter>
    </ClInclude>
    <ClInclude Include="src\Renderer\Mesh.h">
      <Filter>Header Files\Renderer</Filter>
    </ClInclude>
    <ClInclude Include="src\Loaders\ModelLoader.h">
      <Filter>Header Files\Loaders</Filter>
    </ClInclude>
    <ClInclude Include="src\Utils\SystemHolder.h">
      <Filter>Header Files\Utils</Filter>
    </ClInclude>
    <ClInclude Include="src\GUI\DebugUserInterface.h">
      <Filter>Header Files\GUI</Filter>
    </ClInclude>
    <ClInclude Include="src\Renderer\Materials\UberShaderMaterial.h">
      <Filter>Header Files\Renderer\Materials</Filter>
    </ClInclude>
    <ClInclude Include="src\Loaders\MaterialLoader.h">
      <Filter>Header Files\Loaders</Filter>
    </ClInclude>
    <ClInclude Include="src\Utils\StringUtil.h">
      <Filter>Header Files\Utils</Filter>
    </ClInclude>
    <ClInclude Include="src\Loaders\ResourcesLoader.h">
      <Filter>Header Files\Loaders</Filter>
    </ClInclude>
    <ClInclude Include="src\GUI\Windows\SystemsManagerWindow.h">
      <Filter>Header Files\GUI\Windows</Filter>
    </ClInclude>
    <ClInclude Include="src\GUI\Windows\FpsTimerWindow.h">
      <Filter>Header Files\GUI\Windows</Filter>
    </ClInclude>
    <ClInclude Include="src\GUI\Windows\LightingWindow.h">
      <Filter>Header Files\GUI\Windows</Filter>
    </ClInclude>
    <ClInclude Include="src\Renderer\DynamicRenderSettings.h">
      <Filter>Header Files\Renderer</Filter>
    </ClInclude>
    <ClInclude Include="src\GUI\Windows\BackBufferWindow.h">
      <Filter>Header Files\GUI\Windows</Filter>
    </ClInclude>
    <ClInclude Include="src\GUI\Windows\BaseWindow.h">
      <Filter>Header Files\GUI\Windows</Filter>
    </ClInclude>
    <ClInclude Include="src\Loaders\MapLoader.h">
      <Filter>Header Files\Loaders</Filter>
    </ClInclude>
    <ClInclude Include="src\Loaders\Components\BaseComponentsLoader.h">
      <Filter>Header Files\Loaders\Components</Filter>
    </ClInclude>
    <ClInclude Include="src\Loaders\Components\CameraComponentLoader.h">
      <Filter>Header Files\Loaders\Components</Filter>
    </ClInclude>
    <ClInclude Include="src\Loaders\Components\TransformComponentLoader.h">
      <Filter>Header Files\Loaders\Components</Filter>
    </ClInclude>
    <ClInclude Include="src\ECS\Components\ModelRenderComponent.h">
      <Filter>Header Files\ECS\Components</Filter>
    </ClInclude>
    <ClInclude Include="src\Loaders\Components\ModelRenderComponentLoader.h">
      <Filter>Header Files\Loaders\Components</Filter>
    </ClInclude>
    <ClInclude Include="src\Renderer\Materials\SkyShaderMaterial.h">
      <Filter>Header Files\Renderer\Materials</Filter>
    </ClInclude>
    <ClInclude Include="src\ECS\Components\SkyboxComponent.h">
      <Filter>Header Files\ECS\Components</Filter>
    </ClInclude>
    <ClInclude Include="src\Loaders\Components\SkyboxComponentLoader.h">
      <Filter>Header Files\Loaders\Components</Filter>
    </ClInclude>
    <ClInclude Include="src\ECS\Systems\SkyboxSystem.h">
      <Filter>Header Files\ECS\Systems</Filter>
    </ClInclude>
    <ClInclude Include="src\GUI\Windows\KeyboardInputWindow.h">
      <Filter>Header Files\GUI\Windows</Filter>
    </ClInclude>
    <ClInclude Include="src\GUI\Windows\MouseInputWindow.h">
      <Filter>Header Files\GUI\Windows</Filter>
    </ClInclude>
    <ClInclude Include="src\Renderer\Vertex\FatVertex.h">
      <Filter>Header Files\Renderer\Vertex</Filter>
    </ClInclude>
    <ClInclude Include="src\Renderer\Vertex\PositionVertex.h">
      <Filter>Header Files\Renderer\Vertex</Filter>
    </ClInclude>
    <ClInclude Include="src\Renderer\Generators\CubeGenerator.h">
      <Filter>Header Files\Renderer\Generators</Filter>
    </ClInclude>
    <ClInclude Include="src\GUI\Windows\GamePadWindow.h">
      <Filter>Header Files\GUI\Windows</Filter>
    </ClInclude>
    <ClInclude Include="src\Tags.h">
      <Filter>Header Files</Filter>
    </ClInclude>
    <ClInclude Include="src\GUI\Windows\CameraSpeedWindow.h">
      <Filter>Header Files\GUI\Windows</Filter>
    </ClInclude>
    <ClInclude Include="src\Renderer\ConstantBufferTypes\FatPerObjectBuffer.h">
      <Filter>Header Files\Renderer\ConstantBufferTypes</Filter>
    </ClInclude>
    <ClInclude Include="src\Renderer\ConstantBufferTypes\SimplePerObjectBuffer.h">
      <Filter>Header Files\Renderer\ConstantBufferTypes</Filter>
    </ClInclude>
    <ClInclude Include="src\Renderer\ConstantBufferTypes\LightAndAlphaBuffer.h">
      <Filter>Header Files\Renderer\ConstantBufferTypes</Filter>
    </ClInclude>
    <ClInclude Include="src\Renderer\Generators\QuadGenerator.h">
      <Filter>Header Files\Renderer\Generators</Filter>
    </ClInclude>
    <ClInclude Include="src\Renderer\PostProcessing\CopyToBackBufferPostProcessing.h">
      <Filter>Header Files\Renderer\PostProcessing</Filter>
    </ClInclude>
    <ClInclude Include="src\Renderer\PostProcessing\BasePostProcessing.h">
      <Filter>Header Files\Renderer\PostProcessing</Filter>
    </ClInclude>
    <ClInclude Include="src\GUI\Windows\PostProcessingWindow.h">
      <Filter>Header Files\GUI\Windows</Filter>
    </ClInclude>
    <ClInclude Include="src\Renderer\PostProcessingSettings.h">
      <Filter>Header Files\Renderer</Filter>
    </ClInclude>
    <ClInclude Include="src\Renderer\RenderTexture.h">
      <Filter>Header Files\Renderer</Filter>
    </ClInclude>
    <ClInclude Include="src\Renderer\PostProcessing\ReusablePostProcessing.h">
      <Filter>Header Files\Renderer\PostProcessing</Filter>
    </ClInclude>
    <ClInclude Include="src\Loaders\PostProcessingLoader.h">
      <Filter>Header Files\Loaders</Filter>
    </ClInclude>
    <ClInclude Include="src\Renderer\ConstantBufferTypes\CameraBuffer.h">
      <Filter>Header Files\Renderer\ConstantBufferTypes</Filter>
    </ClInclude>
    <ClInclude Include="src\Renderer\PbrResources.h">
      <Filter>Header Files\Renderer</Filter>
    </ClInclude>
    <ClInclude Include="src\Renderer\Shaders\ComputeShader.h">
      <Filter>Header Files\Renderer\Shaders</Filter>
    </ClInclude>
    <ClInclude Include="src\Renderer\ComputeTexture.h">
      <Filter>Header Files\Renderer</Filter>
    </ClInclude>
    <ClInclude Include="src\resource.h">
      <Filter>Header Files</Filter>
    </ClInclude>
    <ClInclude Include="src\Renderer\ConstantBufferTypes\RadianceBuffer.h">
      <Filter>Header Files\Renderer\ConstantBufferTypes</Filter>
    </ClInclude>
    <ClInclude Include="src\Renderer\Generators\ResourcesGenerator.h">
      <Filter>Header Files\Renderer\Generators</Filter>
    </ClInclude>
    <ClInclude Include="src\Renderer\PostProcessing\MultisamplingPostProcessing.h">
      <Filter>Header Files\Renderer\PostProcessing</Filter>
    </ClInclude>
    <ClInclude Include="src\ECS\Systems\PhysicsSystem.h">
      <Filter>Header Files\ECS\Systems</Filter>
    </ClInclude>
    <ClInclude Include="src\Physics\PhysicsErrorCallback.h">
      <Filter>Header Files\Physics</Filter>
    </ClInclude>
    <ClInclude Include="src\ECS\Components\PhysicsMaterialComponent.h">
      <Filter>Header Files\ECS\Components</Filter>
    </ClInclude>
    <ClInclude Include="src\Loaders\Components\PhysicsMaterialComponentLoader.h">
      <Filter>Header Files\Loaders\Components</Filter>
    </ClInclude>
    <ClInclude Include="src\ECS\Systems\TransformSystem.h">
      <Filter>Header Files\ECS\Systems</Filter>
    </ClInclude>
    <ClInclude Include="src\ECS\Components\RigidbodyStaticPlaneComponent.h">
      <Filter>Header Files\ECS\Components</Filter>
    </ClInclude>
    <ClInclude Include="src\Loaders\Components\RigidbodyStaticPlaneComponentLoader.h">
      <Filter>Header Files\Loaders\Components</Filter>
    </ClInclude>
    <ClInclude Include="src\ECS\Components\RigidbodyStaticBoxComponent.h">
      <Filter>Header Files\ECS\Components</Filter>
    </ClInclude>
    <ClInclude Include="src\Loaders\Components\RigidbodyStaticBoxComponentLoader.h">
      <Filter>Header Files\Loaders\Components</Filter>
    </ClInclude>
    <ClInclude Include="src\Physics\PhysicsUnitConversion.h">
      <Filter>Header Files\Physics</Filter>
    </ClInclude>
    <ClInclude Include="src\ECS\Components\RigidbodyDynamicBoxComponent.h">
      <Filter>Header Files\ECS\Components</Filter>
    </ClInclude>
    <ClInclude Include="src\Loaders\Components\RigidbodyDynamicBoxComponentLoader.h">
      <Filter>Header Files\Loaders\Components</Filter>
    </ClInclude>
    <ClInclude Include="src\ECS\Components\RigidbodyStaticSphereComponent.h">
      <Filter>Header Files\ECS\Components</Filter>
    </ClInclude>
    <ClInclude Include="src\Loaders\Components\RigidbodyStaticSphereComponentLoader.h">
      <Filter>Header Files\Loaders\Components</Filter>
    </ClInclude>
    <ClInclude Include="src\ECS\Components\RigidbodyDynamicSphereComponent.h">
      <Filter>Header Files\ECS\Components</Filter>
    </ClInclude>
    <ClInclude Include="src\Loaders\Components\RigidbodyDynamicSphereComponentLoader.h">
      <Filter>Header Files\Loaders\Components</Filter>
    </ClInclude>
    <ClInclude Include="src\ECS\Components\RigidbodyStaticCapsuleComponent.h">
      <Filter>Header Files\ECS\Components</Filter>
    </ClInclude>
    <ClInclude Include="src\Loaders\Components\RigidbodyStaticCapsuleComponentLoader.h">
      <Filter>Header Files\Loaders\Components</Filter>
    </ClInclude>
    <ClInclude Include="src\ECS\Components\RigidbodyDynamicCapsuleComponent.h">
      <Filter>Header Files\ECS\Components</Filter>
    </ClInclude>
    <ClInclude Include="src\Loaders\Components\RigidbodyDynamicCapsuleComponentLoader.h">
      <Filter>Header Files\Loaders\Components</Filter>
    </ClInclude>
    <ClInclude Include="src\Physics\VehicleResourcesGenerator.h">
      <Filter>Header Files\Physics</Filter>
    </ClInclude>
    <ClInclude Include="src\ECS\Components\VehicleComponent.h">
      <Filter>Header Files\ECS\Components</Filter>
    </ClInclude>
    <ClInclude Include="src\ECS\Components\WheelComponent.h">
      <Filter>Header Files\ECS\Components</Filter>
    </ClInclude>
    <ClInclude Include="src\Loaders\Components\VehicleComponentLoader.h">
      <Filter>Header Files\Loaders\Components</Filter>
    </ClInclude>
    <ClInclude Include="src\Loaders\Components\WheelComponentLoader.h">
      <Filter>Header Files\Loaders\Components</Filter>
    </ClInclude>
    <ClInclude Include="src\Physics\PhysicsMeshGenerator.h">
      <Filter>Header Files\Physics</Filter>
    </ClInclude>
    <ClInclude Include="src\Loaders\Components\RigidbodyStaticCylinderComponentLoader.h">
      <Filter>Header Files\Loaders\Components</Filter>
    </ClInclude>
    <ClInclude Include="src\Loaders\Components\RigidbodyDynamicCylinderComponentLoader.h">
      <Filter>Header Files\Loaders\Components</Filter>
    </ClInclude>
    <ClInclude Include="src\Physics\VehicleSceneQueryData.h">
      <Filter>Header Files\Physics</Filter>
    </ClInclude>
    <ClInclude Include="src\Physics\SurfaceFilterTypes.h">
      <Filter>Header Files\Physics</Filter>
    </ClInclude>
    <ClInclude Include="src\Physics\PhysicsFilterHelper.h">
      <Filter>Header Files\Physics</Filter>
    </ClInclude>
    <ClInclude Include="src\ECS\Components\VehiclePlayerControllerComponent.h">
      <Filter>Header Files\ECS\Components</Filter>
    </ClInclude>
    <ClInclude Include="src\Loaders\Components\VehiclePlayerControllerComponentLoader.h">
      <Filter>Header Files\Loaders\Components</Filter>
    </ClInclude>
    <ClInclude Include="src\ECS\Systems\VehiclePlayerControllerSystem.h">
      <Filter>Header Files\ECS\Systems</Filter>
    </ClInclude>
    <ClInclude Include="src\GUI\Windows\VehicleDetailsWindow.h">
      <Filter>Header Files\GUI\Windows</Filter>
    </ClInclude>
    <ClInclude Include="src\Utils\Timer.h">
      <Filter>Header Files\Utils</Filter>
    </ClInclude>
    <ClInclude Include="src\GUI\Windows\PhysicsStatisticsWindow.h">
      <Filter>Header Files\GUI\Windows</Filter>
    </ClInclude>
    <ClInclude Include="src\GUI\Windows\EntityViewerWindow.h">
      <Filter>Header Files\GUI\Windows</Filter>
    </ClInclude>
    <ClInclude Include="src\GUI\Windows\PerSystemPerformanceWindow.h">
      <Filter>Header Files\GUI\Windows</Filter>
    </ClInclude>
    <ClInclude Include="src\ECS\Components\RigidbodyDynamicCylinderComponent.h">
      <Filter>Header Files\ECS\Components</Filter>
    </ClInclude>
    <ClInclude Include="src\Renderer\RenderDepthStencil.h">
      <Filter>Header Files\Renderer</Filter>
    </ClInclude>
    <ClInclude Include="src\Renderer\ConstantBufferTypes\IrradianceBuffer.h">
      <Filter>Header Files\Renderer\ConstantBufferTypes</Filter>
    </ClInclude>
    <ClInclude Include="src\Renderer\ConstantBufferTypes\ShadowBuffer.h">
      <Filter>Header Files\Renderer\ConstantBufferTypes</Filter>
    </ClInclude>
    <ClInclude Include="src\GUI\Windows\ShadowPreviewerWindow.h">
      <Filter>Header Files\GUI\Windows</Filter>
    </ClInclude>
    <ClInclude Include="src\Renderer\ConstantBufferTypes\ShadowRemapperBuffer.h">
      <Filter>Header Files\Renderer\ConstantBufferTypes</Filter>
    </ClInclude>
    <ClInclude Include="src\Renderer\PostProcessing\ShadowRemapperPostProcessing.h">
      <Filter>Header Files\Renderer\PostProcessing</Filter>
    </ClInclude>
    <ClInclude Include="src\Renderer\ShadowCamera.h">
      <Filter>Header Files\Renderer</Filter>
    </ClInclude>
    <ClInclude Include="src\GUI\Windows\ConfigurationWindow.h">
      <Filter>Header Files\GUI\Windows</Filter>
    </ClInclude>
    <ClInclude Include="src\Renderer\ConstantBufferTypes\CascadeLevelsBuffer.h">
      <Filter>Header Files\Renderer\ConstantBufferTypes</Filter>
    </ClInclude>
    <ClInclude Include="src\ECS\Components\TerrainComponent.h">
      <Filter>Header Files\ECS\Components</Filter>
    </ClInclude>
    <ClInclude Include="src\Loaders\Components\TerrainComponentLoader.h">
      <Filter>Header Files\Loaders\Components</Filter>
    </ClInclude>
    <ClInclude Include="src\Renderer\Shaders\HullShader.h">
      <Filter>Header Files\Renderer\Shaders</Filter>
    </ClInclude>
    <ClInclude Include="src\Renderer\Shaders\DomainShader.h">
      <Filter>Header Files\Renderer\Shaders</Filter>
    </ClInclude>
    <ClInclude Include="src\Renderer\Materials\TerrainShaderMaterial.h">
      <Filter>Header Files\Renderer\Materials</Filter>
    </ClInclude>
    <ClInclude Include="src\Renderer\Vertex\PositionAndUvVertex.h">
      <Filter>Header Files\Renderer\Vertex</Filter>
    </ClInclude>
    <ClInclude Include="src\Renderer\ConstantBufferTypes\TerrainBuffer.h">
      <Filter>Header Files\Renderer\ConstantBufferTypes</Filter>
    </ClInclude>
    <ClInclude Include="src\Renderer\ConstantBufferTypes\TerrainSettingsBuffer.h">
      <Filter>Header Files\Renderer\ConstantBufferTypes</Filter>
    </ClInclude>
    <ClInclude Include="src\GUI\Windows\TerrainTessellationWindow.h">
      <Filter>Header Files\GUI\Windows</Filter>
    </ClInclude>
    <ClInclude Include="src\Renderer\ConstantBufferTypes\TerrainHeightSamplingBuffer.h">
      <Filter>Header Files\Renderer\ConstantBufferTypes</Filter>
    </ClInclude>
    <ClInclude Include="src\Renderer\ConstantBufferTypes\TerrainNormalBuffer.h">
      <Filter>Header Files\Renderer\ConstantBufferTypes</Filter>
    </ClInclude>
    <ClInclude Include="src\Renderer\ConstantBufferTypes\TerrainUvBuffer.h">
      <Filter>Header Files\Renderer\ConstantBufferTypes</Filter>
    </ClInclude>
    <ClInclude Include="src\Renderer\ConstantBufferTypes\WorldMatrixBuffer.h">
      <Filter>Header Files\Renderer\ConstantBufferTypes</Filter>
    </ClInclude>
    <ClInclude Include="src\Renderer\FrustumUtil.h">
      <Filter>Header Files\Renderer</Filter>
    </ClInclude>
    <ClInclude Include="src\ECS\Components\RigidbodyStaticHeightFieldsComponent.h">
      <Filter>Header Files\ECS\Components</Filter>
    </ClInclude>
    <ClInclude Include="src\Loaders\Components\RigidbodyStaticHeightFieldsComponentLoader.h">
      <Filter>Header Files\Loaders\Components</Filter>
    </ClInclude>
    <ClInclude Include="src\Utils\TerrainUtil.h">
      <Filter>Header Files\Utils</Filter>
    </ClInclude>
    <ClInclude Include="src\Renderer\TransparencyRenderType.h">
      <Filter>Header Files\Renderer</Filter>
    </ClInclude>
    <ClInclude Include="src\Renderer\ProfilerAnnotations.h">
      <Filter>Header Files\Renderer</Filter>
    </ClInclude>
    <ClInclude Include="src\Renderer\ConstantBufferTypes\FogBuffer.h">
      <Filter>Header Files\Renderer\ConstantBufferTypes</Filter>
    </ClInclude>
    <ClInclude Include="src\GUI\Windows\FogWindow.h">
      <Filter>Header Files\GUI\Windows</Filter>
    </ClInclude>
    <ClInclude Include="src\GUI\Windows\TransformManipulateWindow.h">
      <Filter>Header Files\GUI\Windows</Filter>
    </ClInclude>
    <ClInclude Include="src\Physics\PhysicsFilterShader.h">
      <Filter>Header Files\Physics</Filter>
    </ClInclude>
    <ClInclude Include="src\Physics\CollisionFilterTypes.h">
      <Filter>Header Files\Physics</Filter>
    </ClInclude>
    <ClInclude Include="src\Physics\PhysicsMaterialManager.h">
      <Filter>Header Files\Physics</Filter>
    </ClInclude>
    <ClInclude Include="src\Loaders\PhysicsMaterialLoader.h">
      <Filter>Header Files\Loaders</Filter>
    </ClInclude>
    <ClInclude Include="src\GUI\Windows\TextureCompressionWindow.h">
      <Filter>Header Files\GUI\Windows</Filter>
    </ClInclude>
    <ClInclude Include="src\Utils\FileDialog.h">
      <Filter>Header Files\Utils</Filter>
    </ClInclude>
    <ClInclude Include="src\Utils\TextureBlockCompression.h">
      <Filter>Header Files\Utils</Filter>
    </ClInclude>
    <ClInclude Include="src\Utils\TextureBlockCompressionSettings.h">
      <Filter>Header Files\Utils</Filter>
    </ClInclude>
    <ClInclude Include="src\ECS\Components\CameraTargetComponent.h">
      <Filter>Header Files\ECS\Components</Filter>
    </ClInclude>
    <ClInclude Include="src\Loaders\Components\CameraTargetComponentLoader.h">
      <Filter>Header Files\Loaders\Components</Filter>
    </ClInclude>
    <ClInclude Include="src\ECS\Components\CameraVehicleAnimatedTargetComponent.h">
      <Filter>Header Files\ECS\Components</Filter>
    </ClInclude>
    <ClInclude Include="src\Loaders\Components\CameraVehicleAnimatedTargetComponentLoader.h">
      <Filter>Header Files\Loaders\Components</Filter>
    </ClInclude>
    <ClInclude Include="src\GUI\Windows\LodDebugWindow.h">
      <Filter>Header Files\GUI\Windows</Filter>
    </ClInclude>
    <ClInclude Include="src\Renderer\ConstantBufferTypes\LodTransitionBuffer.h">
      <Filter>Header Files\Renderer\ConstantBufferTypes</Filter>
    </ClInclude>
    <ClInclude Include="src\Renderer\LodMode.h">
      <Filter>Header Files\Renderer</Filter>
    </ClInclude>
    <ClInclude Include="src\Renderer\RayIntersections.h">
      <Filter>Header Files\Renderer</Filter>
    </ClInclude>
    <ClInclude Include="src\ECS\Components\RigidbodyStaticCylinderComponent.h">
      <Filter>Header Files\ECS\Components</Filter>
    </ClInclude>
  </ItemGroup>
  <ItemGroup>
    <FxCompile Include="res\Shaders\Surface\UberShader\uber_pixel_shader.hlsl">
      <Filter>Resource Files\Shaders\Surface\UberShader</Filter>
    </FxCompile>
    <FxCompile Include="res\Shaders\Surface\UberShader\uber_vertex_shader.hlsl">
      <Filter>Resource Files\Shaders\Surface\UberShader</Filter>
    </FxCompile>
    <FxCompile Include="res\Shaders\Surface\SkyShader\sky_pixel_shader.hlsl">
      <Filter>Resource Files\Shaders\Surface\SkyShader</Filter>
    </FxCompile>
    <FxCompile Include="res\Shaders\Surface\SkyShader\sky_vertex_shader.hlsl">
      <Filter>Resource Files\Shaders\Surface\SkyShader</Filter>
    </FxCompile>
    <FxCompile Include="res\Shaders\PostProcessing\complex_aces_tone_mapper_pixel_shader.hlsl">
      <Filter>Resource Files\Shaders\PostProcessing</Filter>
    </FxCompile>
    <FxCompile Include="res\Shaders\PostProcessing\copy_pixel_shader.hlsl">
      <Filter>Resource Files\Shaders\PostProcessing</Filter>
    </FxCompile>
    <FxCompile Include="res\Shaders\PostProcessing\gamma_correction_pixel_shader.hlsl">
      <Filter>Resource Files\Shaders\PostProcessing</Filter>
    </FxCompile>
    <FxCompile Include="res\Shaders\PostProcessing\reinhard_tone_mapper_pixel_shader.hlsl">
      <Filter>Resource Files\Shaders\PostProcessing</Filter>
    </FxCompile>
    <FxCompile Include="res\Shaders\PostProcessing\simple_aces_tone_mapper_pixel_shader.hlsl">
      <Filter>Resource Files\Shaders\PostProcessing</Filter>
    </FxCompile>
    <FxCompile Include="res\Shaders\PostProcessing\post_processing_vertex_shader.hlsl">
      <Filter>Resource Files\Shaders\PostProcessing</Filter>
    </FxCompile>
    <FxCompile Include="res\Shaders\Compute\irradiance_compute_shader.hlsl">
      <Filter>Resource Files\Shaders\Compute</Filter>
    </FxCompile>
    <FxCompile Include="res\Shaders\Compute\radiance_compute_shader.hlsl">
      <Filter>Resource Files\Shaders\Compute</Filter>
    </FxCompile>
    <FxCompile Include="res\Shaders\Compute\latlong_to_cubemap_compute_shader.hlsl">
      <Filter>Resource Files\Shaders\Compute</Filter>
    </FxCompile>
    <FxCompile Include="res\Shaders\Compute\brdf_lut_compute_shader.hlsl">
      <Filter>Resource Files\Shaders\Compute</Filter>
    </FxCompile>
    <FxCompile Include="res\Shaders\PostProcessing\multisampling_pixel_shader.hlsl">
      <Filter>Resource Files\Shaders\PostProcessing</Filter>
    </FxCompile>
    <FxCompile Include="res\Shaders\Surface\LoadingLogoShader\loading_logo_pixel_shader.hlsl">
      <Filter>Resource Files\Shaders\Surface\LoadingLogoShader</Filter>
    </FxCompile>
    <FxCompile Include="res\Shaders\Surface\LoadingLogoShader\loading_logo_vertex_shader.hlsl">
      <Filter>Resource Files\Shaders\Surface\LoadingLogoShader</Filter>
    </FxCompile>
    <FxCompile Include="res\Shaders\PostProcessing\chromatic_aberration_pixel_shader.hlsl">
      <Filter>Resource Files\Shaders\PostProcessing</Filter>
    </FxCompile>
    <FxCompile Include="res\Shaders\PostProcessing\shadow_remapper_pixel_shader.hlsl">
      <Filter>Resource Files\Shaders\PostProcessing</Filter>
    </FxCompile>
    <FxCompile Include="res\Shaders\Surface\ShadowShader\shadow_pixel_shader.hlsl">
      <Filter>Resource Files\Shaders\Surface\ShadowShader</Filter>
    </FxCompile>
    <FxCompile Include="res\Shaders\Surface\ShadowShader\shadow_vertex_shader.hlsl">
      <Filter>Resource Files\Shaders\Surface\ShadowShader</Filter>
    </FxCompile>
    <FxCompile Include="res\Shaders\Surface\TerrainShader\terrain_domain_shader.hlsl">
      <Filter>Resource Files\Shaders\Surface\TerrainShader</Filter>
    </FxCompile>
    <FxCompile Include="res\Shaders\Surface\TerrainShader\terrain_hull_shader.hlsl">
      <Filter>Resource Files\Shaders\Surface\TerrainShader</Filter>
    </FxCompile>
    <FxCompile Include="res\Shaders\Surface\TerrainShader\terrain_pixel_shader.hlsl">
      <Filter>Resource Files\Shaders\Surface\TerrainShader</Filter>
    </FxCompile>
    <FxCompile Include="res\Shaders\Surface\TerrainShader\terrain_vertex_shader.hlsl">
      <Filter>Resource Files\Shaders\Surface\TerrainShader</Filter>
    </FxCompile>
    <FxCompile Include="res\Shaders\Surface\ShadowShader\shadow_terrain_vertex_shader.hlsl">
      <Filter>Resource Files\Shaders\Surface\ShadowShader</Filter>
    </FxCompile>
    <FxCompile Include="res\Shaders\Surface\ShadowShader\shadow_terrain_domain_shader.hlsl">
      <Filter>Resource Files\Shaders\Surface\ShadowShader</Filter>
    </FxCompile>
    <FxCompile Include="res\Shaders\Surface\ShadowShader\shadow_terrain_hull_shader.hlsl">
      <Filter>Resource Files\Shaders\Surface\ShadowShader</Filter>
    </FxCompile>
    <FxCompile Include="res\Shaders\Compute\terrain_material_optimizer_compute_shader.hlsl">
      <Filter>Resource Files\Shaders\Compute</Filter>
    </FxCompile>
    <FxCompile Include="res\Shaders\Compute\terrain_normal_generator_compute_shader.hlsl">
      <Filter>Resource Files\Shaders\Compute</Filter>
    </FxCompile>
    <FxCompile Include="res\Shaders\PostProcessing\thirds_split_pixel_shader.hlsl">
      <Filter>Resource Files\Shaders\PostProcessing</Filter>
    </FxCompile>
  </ItemGroup>
  <ItemGroup>
    <None Include="res\Shaders\Includes\normal_utils.hlsli">
      <Filter>Resource Files\Shaders\Includes</Filter>
    </None>
    <None Include="res\Shaders\Includes\pbr.hlsli">
      <Filter>Resource Files\Shaders\Includes</Filter>
    </None>
    <None Include="res\Shaders\Includes\sampling_helper.hlsli">
      <Filter>Resource Files\Shaders\Includes</Filter>
    </None>
    <None Include="res\Shaders\Includes\pbr_compute_shared.hlsli">
      <Filter>Resource Files\Shaders\Includes</Filter>
    </None>
    <None Include="res\Shaders\Includes\shadow_utils.hlsli">
      <Filter>Resource Files\Shaders\Includes</Filter>
    </None>
    <None Include="res\Shaders\Includes\fog.hlsli">
      <Filter>Resource Files\Shaders\Includes</Filter>
    </None>
    <None Include="res\Shaders\Includes\lod_utils.hlsli">
      <Filter>Resource Files\Shaders\Includes</Filter>
    </None>
  </ItemGroup>
  <ItemGroup>
    <ResourceCompile Include="Engine.rc">
      <Filter>Resource Files</Filter>
    </ResourceCompile>
  </ItemGroup>
  <ItemGroup>
    <Image Include="res\Icons\app_icon.ico">
      <Filter>Resource Files\Icons</Filter>
    </Image>
  </ItemGroup>
</Project>